
Microsoft Visual Studio Solution File, Format Version 12.00
# Visual Studio Version 16
VisualStudioVersion = 16.0.30413.136
MinimumVisualStudioVersion = 10.0.40219.1
Project("{FAE04EC0-301F-11D3-BF4B-00C04F79EFBC}") = "Sales.Core", "Sales.Core\Sales.Core.csproj", "{9EA07105-D627-45CC-8139-70A1EA2CCD52}"
EndProject
Project("{FAE04EC0-301F-11D3-BF4B-00C04F79EFBC}") = "Sales.DataAccess", "Sales.DataAccess\Sales.DataAccess.csproj", "{668F636C-A5DC-4A7B-A364-A15E8B944028}"
EndProject
Project("{FAE04EC0-301F-11D3-BF4B-00C04F79EFBC}") = "Sales.Models", "Sales.Models\Sales.Models.csproj", "{BD3C7435-5782-4B84-B8AB-EB4DF8263C1F}"
EndProject
Project("{FAE04EC0-301F-11D3-BF4B-00C04F79EFBC}") = "Sales.Services", "Sales.Services\Sales.Services.csproj", "{B4F10BA2-98D1-4781-BA3F-F4BC0F777BEC}"
EndProject
Project("{FAE04EC0-301F-11D3-BF4B-00C04F79EFBC}") = "Sales.API", "Sales.API\Sales.API.csproj", "{6B84B3C3-B1F8-4DB3-8676-35093C1C0277}"
EndProject
Global
	GlobalSection(SolutionConfigurationPlatforms) = preSolution
		Debug|Any CPU = Debug|Any CPU
		Release|Any CPU = Release|Any CPU
	EndGlobalSection
	GlobalSection(ProjectConfigurationPlatforms) = postSolution
		{9EA07105-D627-45CC-8139-70A1EA2CCD52}.Debug|Any CPU.ActiveCfg = Debug|Any CPU
		{9EA07105-D627-45CC-8139-70A1EA2CCD52}.Debug|Any CPU.Build.0 = Debug|Any CPU
		{9EA07105-D627-45CC-8139-70A1EA2CCD52}.Release|Any CPU.ActiveCfg = Release|Any CPU
		{9EA07105-D627-45CC-8139-70A1EA2CCD52}.Release|Any CPU.Build.0 = Release|Any CPU
		{668F636C-A5DC-4A7B-A364-A15E8B944028}.Debug|Any CPU.ActiveCfg = Debug|Any CPU
		{668F636C-A5DC-4A7B-A364-A15E8B944028}.Debug|Any CPU.Build.0 = Debug|Any CPU
		{668F636C-A5DC-4A7B-A364-A15E8B944028}.Release|Any CPU.ActiveCfg = Release|Any CPU
		{668F636C-A5DC-4A7B-A364-A15E8B944028}.Release|Any CPU.Build.0 = Release|Any CPU
		{BD3C7435-5782-4B84-B8AB-EB4DF8263C1F}.Debug|Any CPU.ActiveCfg = Debug|Any CPU
		{BD3C7435-5782-4B84-B8AB-EB4DF8263C1F}.Debug|Any CPU.Build.0 = Debug|Any CPU
		{BD3C7435-5782-4B84-B8AB-EB4DF8263C1F}.Release|Any CPU.ActiveCfg = Release|Any CPU
		{BD3C7435-5782-4B84-B8AB-EB4DF8263C1F}.Release|Any CPU.Build.0 = Release|Any CPU
		{B4F10BA2-98D1-4781-BA3F-F4BC0F777BEC}.Debug|Any CPU.ActiveCfg = Debug|Any CPU
		{B4F10BA2-98D1-4781-BA3F-F4BC0F777BEC}.Debug|Any CPU.Build.0 = Debug|Any CPU
		{B4F10BA2-98D1-4781-BA3F-F4BC0F777BEC}.Release|Any CPU.ActiveCfg = Release|Any CPU
		{B4F10BA2-98D1-4781-BA3F-F4BC0F777BEC}.Release|Any CPU.Build.0 = Release|Any CPU
		{6B84B3C3-B1F8-4DB3-8676-35093C1C0277}.Debug|Any CPU.ActiveCfg = Debug|Any CPU
		{6B84B3C3-B1F8-4DB3-8676-35093C1C0277}.Debug|Any CPU.Build.0 = Debug|Any CPU
		{6B84B3C3-B1F8-4DB3-8676-35093C1C0277}.Release|Any CPU.ActiveCfg = Release|Any CPU
		{6B84B3C3-B1F8-4DB3-8676-35093C1C0277}.Release|Any CPU.Build.0 = Release|Any CPU
	EndGlobalSection
	GlobalSection(SolutionProperties) = preSolution
		HideSolutionNode = FALSE
	EndGlobalSection
	GlobalSection(ExtensibilityGlobals) = postSolution
		SolutionGuid = {90C223EC-965A-4302-B05B-5BE6B8F9DB19}
	EndGlobalSection
EndGlobal
